
Microsoft Visual Studio Solution File, Format Version 11.00
# Visual Studio 2010
Project("{FAE04EC0-301F-11D3-BF4B-00C04F79EFBC}") = "AudioBookApp", "Assembly-CSharp.csproj", "{AF76326D-B2F9-8BA8-0855-CEFF67BF14C0}"
EndProject
Global
	GlobalSection(SolutionConfigurationPlatforms) = preSolution
		Debug|Any CPU = Debug|Any CPU
		Release|Any CPU = Release|Any CPU
	EndGlobalSection
	GlobalSection(ProjectConfigurationPlatforms) = postSolution
		{AF76326D-B2F9-8BA8-0855-CEFF67BF14C0}.Debug|Any CPU.ActiveCfg = Debug|Any CPU
		{AF76326D-B2F9-8BA8-0855-CEFF67BF14C0}.Debug|Any CPU.Build.0 = Debug|Any CPU
		{AF76326D-B2F9-8BA8-0855-CEFF67BF14C0}.Release|Any CPU.ActiveCfg = Release|Any CPU
		{AF76326D-B2F9-8BA8-0855-CEFF67BF14C0}.Release|Any CPU.Build.0 = Release|Any CPU
	EndGlobalSection
	GlobalSection(SolutionProperties) = preSolution
		HideSolutionNode = FALSE
	EndGlobalSection
	GlobalSection(MonoDevelopProperties) = preSolution
		StartupItem = Assembly-CSharp.csproj
	EndGlobalSection
EndGlobal
